
Microsoft Visual Studio Solution File, Format Version 12.00
# Visual Studio Version 16
VisualStudioVersion = 16.0.30523.141
MinimumVisualStudioVersion = 10.0.40219.1
Project("{8BC9CEB8-8B4A-11D0-8D11-00A0C91BC942}") = "CPlusPlusProgramming", "CPlusPlusProgramming\CPlusPlusProgramming.vcxproj", "{B8DE1A79-1007-4E38-A8D5-CECEC0ACF501}"
EndProject
Project("{8BC9CEB8-8B4A-11D0-8D11-00A0C91BC942}") = "STL_Test", "STL_Test\STL_Test.vcxproj", "{1C7EC2C2-FE77-42B3-B047-61280FF5455D}"
EndProject
Project("{8BC9CEB8-8B4A-11D0-8D11-00A0C91BC942}") = "STLCommonTool", "STLCommonTool\STLCommonTool.vcxproj", "{61556AD6-3AF5-4822-A4DB-9E9429B7BFE4}"
EndProject
Project("{8BC9CEB8-8B4A-11D0-8D11-00A0C91BC942}") = "C++Project", "C++Project\C++Project.vcxproj", "{0FC1DBBD-BF0D-4A52-BE06-24783CD22A7D}"
EndProject
Global
	GlobalSection(SolutionConfigurationPlatforms) = preSolution
		Debug|x64 = Debug|x64
		Debug|x86 = Debug|x86
		Release|x64 = Release|x64
		Release|x86 = Release|x86
	EndGlobalSection
	GlobalSection(ProjectConfigurationPlatforms) = postSolution
		{B8DE1A79-1007-4E38-A8D5-CECEC0ACF501}.Debug|x64.ActiveCfg = Debug|x64
		{B8DE1A79-1007-4E38-A8D5-CECEC0ACF501}.Debug|x64.Build.0 = Debug|x64
		{B8DE1A79-1007-4E38-A8D5-CECEC0ACF501}.Debug|x86.ActiveCfg = Debug|Win32
		{B8DE1A79-1007-4E38-A8D5-CECEC0ACF501}.Debug|x86.Build.0 = Debug|Win32
		{B8DE1A79-1007-4E38-A8D5-CECEC0ACF501}.Release|x64.ActiveCfg = Release|x64
		{B8DE1A79-1007-4E38-A8D5-CECEC0ACF501}.Release|x64.Build.0 = Release|x64
		{B8DE1A79-1007-4E38-A8D5-CECEC0ACF501}.Release|x86.ActiveCfg = Release|Win32
		{B8DE1A79-1007-4E38-A8D5-CECEC0ACF501}.Release|x86.Build.0 = Release|Win32
		{1C7EC2C2-FE77-42B3-B047-61280FF5455D}.Debug|x64.ActiveCfg = Debug|x64
		{1C7EC2C2-FE77-42B3-B047-61280FF5455D}.Debug|x64.Build.0 = Debug|x64
		{1C7EC2C2-FE77-42B3-B047-61280FF5455D}.Debug|x86.ActiveCfg = Debug|Win32
		{1C7EC2C2-FE77-42B3-B047-61280FF5455D}.Debug|x86.Build.0 = Debug|Win32
		{1C7EC2C2-FE77-42B3-B047-61280FF5455D}.Release|x64.ActiveCfg = Release|x64
		{1C7EC2C2-FE77-42B3-B047-61280FF5455D}.Release|x64.Build.0 = Release|x64
		{1C7EC2C2-FE77-42B3-B047-61280FF5455D}.Release|x86.ActiveCfg = Release|Win32
		{1C7EC2C2-FE77-42B3-B047-61280FF5455D}.Release|x86.Build.0 = Release|Win32
		{61556AD6-3AF5-4822-A4DB-9E9429B7BFE4}.Debug|x64.ActiveCfg = Debug|x64
		{61556AD6-3AF5-4822-A4DB-9E9429B7BFE4}.Debug|x64.Build.0 = Debug|x64
		{61556AD6-3AF5-4822-A4DB-9E9429B7BFE4}.Debug|x86.ActiveCfg = Debug|Win32
		{61556AD6-3AF5-4822-A4DB-9E9429B7BFE4}.Debug|x86.Build.0 = Debug|Win32
		{61556AD6-3AF5-4822-A4DB-9E9429B7BFE4}.Release|x64.ActiveCfg = Release|x64
		{61556AD6-3AF5-4822-A4DB-9E9429B7BFE4}.Release|x64.Build.0 = Release|x64
		{61556AD6-3AF5-4822-A4DB-9E9429B7BFE4}.Release|x86.ActiveCfg = Release|Win32
		{61556AD6-3AF5-4822-A4DB-9E9429B7BFE4}.Release|x86.Build.0 = Release|Win32
		{0FC1DBBD-BF0D-4A52-BE06-24783CD22A7D}.Debug|x64.ActiveCfg = Debug|x64
		{0FC1DBBD-BF0D-4A52-BE06-24783CD22A7D}.Debug|x64.Build.0 = Debug|x64
		{0FC1DBBD-BF0D-4A52-BE06-24783CD22A7D}.Debug|x86.ActiveCfg = Debug|Win32
		{0FC1DBBD-BF0D-4A52-BE06-24783CD22A7D}.Debug|x86.Build.0 = Debug|Win32
		{0FC1DBBD-BF0D-4A52-BE06-24783CD22A7D}.Release|x64.ActiveCfg = Release|x64
		{0FC1DBBD-BF0D-4A52-BE06-24783CD22A7D}.Release|x64.Build.0 = Release|x64
		{0FC1DBBD-BF0D-4A52-BE06-24783CD22A7D}.Release|x86.ActiveCfg = Release|Win32
		{0FC1DBBD-BF0D-4A52-BE06-24783CD22A7D}.Release|x86.Build.0 = Release|Win32
	EndGlobalSection
	GlobalSection(SolutionProperties) = preSolution
		HideSolutionNode = FALSE
	EndGlobalSection
	GlobalSection(ExtensibilityGlobals) = postSolution
		SolutionGuid = {90B1B437-11B9-4148-A0CB-1E7C743A5194}
	EndGlobalSection
EndGlobal
